# This file is automatically @generated by Cargo.
# It is not intended for manual editing.
version = 3

[[package]]
name = "aho-corasick"
version = "1.1.3"
source = "registry+https://github.com/rust-lang/crates.io-index"
checksum = "8e60d3430d3a69478ad0993f19238d2df97c507009a52b3c10addcd7f6bcb916"
dependencies = [
 "memchr",
]

[[package]]
name = "anstream"
version = "0.6.13"
source = "registry+https://github.com/rust-lang/crates.io-index"
checksum = "d96bd03f33fe50a863e394ee9718a706f988b9079b20c3784fb726e7678b62fb"
dependencies = [
 "anstyle",
 "anstyle-parse",
 "anstyle-query",
 "anstyle-wincon",
 "colorchoice",
 "utf8parse",
]

[[package]]
name = "anstyle"
version = "1.0.6"
source = "registry+https://github.com/rust-lang/crates.io-index"
checksum = "8901269c6307e8d93993578286ac0edf7f195079ffff5ebdeea6a59ffb7e36bc"

[[package]]
name = "anstyle-parse"
version = "0.2.3"
source = "registry+https://github.com/rust-lang/crates.io-index"
checksum = "c75ac65da39e5fe5ab759307499ddad880d724eed2f6ce5b5e8a26f4f387928c"
dependencies = [
 "utf8parse",
]

[[package]]
name = "anstyle-query"
version = "1.0.2"
source = "registry+https://github.com/rust-lang/crates.io-index"
checksum = "e28923312444cdd728e4738b3f9c9cac739500909bb3d3c94b43551b16517648"
dependencies = [
 "windows-sys",
]

[[package]]
name = "anstyle-wincon"
version = "3.0.2"
source = "registry+https://github.com/rust-lang/crates.io-index"
checksum = "1cd54b81ec8d6180e24654d0b371ad22fc3dd083b6ff8ba325b72e00c87660a7"
dependencies = [
 "anstyle",
 "windows-sys",
]

[[package]]
name = "anyhow"
version = "1.0.82"
source = "registry+https://github.com/rust-lang/crates.io-index"
checksum = "f538837af36e6f6a9be0faa67f9a314f8119e4e4b5867c6ab40ed60360142519"

[[package]]
name = "assert_cmd"
version = "2.0.14"
source = "registry+https://github.com/rust-lang/crates.io-index"
checksum = "ed72493ac66d5804837f480ab3766c72bdfab91a65e565fc54fa9e42db0073a8"
dependencies = [
 "anstyle",
 "bstr",
 "doc-comment",
 "predicates",
 "predicates-core",
 "predicates-tree",
 "wait-timeout",
]

[[package]]
name = "atty"
version = "0.2.14"
source = "registry+https://github.com/rust-lang/crates.io-index"
checksum = "d9b39be18770d11421cdb1b9947a45dd3f37e93092cbf377614828a319d5fee8"
dependencies = [
 "hermit-abi 0.1.19",
 "libc",
 "winapi",
]

[[package]]
name = "bincode"
version = "1.3.3"
source = "registry+https://github.com/rust-lang/crates.io-index"
checksum = "b1f45e9417d87227c7a56d22e471c6206462cba514c7590c09aff4cf6d1ddcad"
dependencies = [
 "serde",
]

[[package]]
name = "bitflags"
version = "2.5.0"
source = "registry+https://github.com/rust-lang/crates.io-index"
checksum = "cf4b9d6a944f767f8e5e0db018570623c85f3d925ac718db4e06d0187adb21c1"

[[package]]
name = "block-buffer"
version = "0.10.4"
source = "registry+https://github.com/rust-lang/crates.io-index"
checksum = "3078c7629b62d3f0439517fa394996acacc5cbc91c5a20d8c658e77abd503a71"
dependencies = [
 "generic-array",
]

[[package]]
name = "boxfnonce"
version = "0.1.1"
source = "registry+https://github.com/rust-lang/crates.io-index"
checksum = "5988cb1d626264ac94100be357308f29ff7cbdd3b36bda27f450a4ee3f713426"

[[package]]
name = "bstr"
version = "1.9.1"
source = "registry+https://github.com/rust-lang/crates.io-index"
checksum = "05efc5cfd9110c8416e471df0e96702d58690178e206e61b7173706673c93706"
dependencies = [
 "memchr",
 "regex-automata",
 "serde",
]

[[package]]
name = "byteorder"
version = "1.5.0"
source = "registry+https://github.com/rust-lang/crates.io-index"
checksum = "1fd0f2584146f6f2ef48085050886acf353beff7305ebd1ae69500e27c67f64b"

[[package]]
name = "capnp"
version = "0.19.3"
source = "registry+https://github.com/rust-lang/crates.io-index"
checksum = "b11832e6fb7a695c4a63cc42bd97bd2cda7165cd850caf5aff9a3d0e617720ed"
dependencies = [
 "embedded-io",
]

[[package]]
name = "capnpc"
version = "0.19.0"
source = "registry+https://github.com/rust-lang/crates.io-index"
checksum = "c75ba30e0f08582d53c2f3710cf4bb65ff562614b1ba86906d7391adffe189ec"
dependencies = [
 "capnp",
]

[[package]]
name = "cc"
version = "1.0.95"
source = "registry+https://github.com/rust-lang/crates.io-index"
checksum = "d32a725bc159af97c3e629873bb9f88fb8cf8a4867175f76dc987815ea07c83b"
dependencies = [
 "jobserver",
 "libc",
 "once_cell",
]

[[package]]
name = "cfg-if"
version = "1.0.0"
source = "registry+https://github.com/rust-lang/crates.io-index"
checksum = "baf1de4339761588bc0619e3cbc0120ee582ebb74b53b4efbf79117bd2da40fd"

[[package]]
name = "cfg_aliases"
version = "0.1.1"
source = "registry+https://github.com/rust-lang/crates.io-index"
checksum = "fd16c4719339c4530435d38e511904438d07cce7950afa3718a84ac36c10e89e"

[[package]]
name = "clap"
version = "4.5.4"
source = "registry+https://github.com/rust-lang/crates.io-index"
checksum = "90bc066a67923782aa8515dbaea16946c5bcc5addbd668bb80af688e53e548a0"
dependencies = [
 "clap_builder",
 "clap_derive",
]

[[package]]
name = "clap_builder"
version = "4.5.2"
source = "registry+https://github.com/rust-lang/crates.io-index"
checksum = "ae129e2e766ae0ec03484e609954119f123cc1fe650337e155d03b022f24f7b4"
dependencies = [
 "anstream",
 "anstyle",
 "clap_lex",
 "strsim",
]

[[package]]
name = "clap_derive"
version = "4.5.4"
source = "registry+https://github.com/rust-lang/crates.io-index"
checksum = "528131438037fd55894f62d6e9f068b8f45ac57ffa77517819645d10aed04f64"
dependencies = [
 "heck",
 "proc-macro2",
 "quote",
 "syn",
]

[[package]]
name = "clap_lex"
version = "0.7.0"
source = "registry+https://github.com/rust-lang/crates.io-index"
checksum = "98cc8fbded0c607b7ba9dd60cd98df59af97e84d24e49c8557331cfc26d301ce"

[[package]]
name = "colorchoice"
version = "1.0.0"
source = "registry+https://github.com/rust-lang/crates.io-index"
checksum = "acbf1af155f9b9ef647e42cdc158db4b64a1b61f743629225fde6f3e0be2a7c7"

[[package]]
name = "cpufeatures"
version = "0.2.12"
source = "registry+https://github.com/rust-lang/crates.io-index"
checksum = "53fe5e26ff1b7aef8bca9c6080520cfb8d9333c7568e1829cef191a9723e5504"
dependencies = [
 "libc",
]

[[package]]
name = "crypto-common"
version = "0.1.6"
source = "registry+https://github.com/rust-lang/crates.io-index"
checksum = "1bfb12502f3fc46cca1bb51ac28df9d618d813cdc3d2f25b9fe775a34af26bb3"
dependencies = [
 "generic-array",
 "typenum",
]

[[package]]
name = "ctrlc"
version = "3.4.4"
source = "registry+https://github.com/rust-lang/crates.io-index"
checksum = "672465ae37dc1bc6380a6547a8883d5dd397b0f1faaad4f265726cc7042a5345"
dependencies = [
 "nix 0.28.0",
 "windows-sys",
]

[[package]]
name = "daemonize"
version = "0.4.1"
source = "registry+https://github.com/rust-lang/crates.io-index"
checksum = "70c24513e34f53b640819f0ac9f705b673fcf4006d7aab8778bee72ebfc89815"
dependencies = [
 "boxfnonce",
 "libc",
]

[[package]]
name = "deranged"
version = "0.3.11"
source = "registry+https://github.com/rust-lang/crates.io-index"
checksum = "b42b6fa04a440b495c8b04d0e71b707c585f83cb9cb28cf8cd0d976c315e31b4"
dependencies = [
 "powerfmt",
]

[[package]]
name = "difflib"
version = "0.4.0"
source = "registry+https://github.com/rust-lang/crates.io-index"
checksum = "6184e33543162437515c2e2b48714794e37845ec9851711914eec9d308f6ebe8"

[[package]]
name = "digest"
version = "0.10.7"
source = "registry+https://github.com/rust-lang/crates.io-index"
checksum = "9ed9a281f7bc9b7576e61468ba615a66a5c8cfdff42420a70aa82701a3b1e292"
dependencies = [
 "block-buffer",
 "crypto-common",
]

[[package]]
name = "dir-diff"
version = "0.3.3"
source = "registry+https://github.com/rust-lang/crates.io-index"
checksum = "a7ad16bf5f84253b50d6557681c58c3ab67c47c77d39fed9aeb56e947290bd10"
dependencies = [
 "walkdir",
]

[[package]]
name = "doc-comment"
version = "0.3.3"
source = "registry+https://github.com/rust-lang/crates.io-index"
checksum = "fea41bba32d969b513997752735605054bc0dfa92b4c56bf1189f2e174be7a10"

[[package]]
name = "embedded-io"
version = "0.6.1"
source = "registry+https://github.com/rust-lang/crates.io-index"
checksum = "edd0f118536f44f5ccd48bcb8b111bdc3de888b58c74639dfb034a357d0f206d"

[[package]]
name = "env_logger"
version = "0.9.3"
source = "registry+https://github.com/rust-lang/crates.io-index"
checksum = "a12e6657c4c97ebab115a42dcee77225f7f482cdd841cf7088c657a42e9e00e7"
dependencies = [
 "atty",
 "humantime",
 "log",
 "regex",
 "termcolor",
]

[[package]]
name = "equivalent"
version = "1.0.1"
source = "registry+https://github.com/rust-lang/crates.io-index"
checksum = "5443807d6dff69373d433ab9ef5378ad8df50ca6298caf15de6e52e24aaf54d5"

[[package]]
name = "errno"
version = "0.3.8"
source = "registry+https://github.com/rust-lang/crates.io-index"
checksum = "a258e46cdc063eb8519c00b9fc845fc47bcfca4130e2f08e88665ceda8474245"
dependencies = [
 "libc",
 "windows-sys",
]

[[package]]
name = "error-chain"
version = "0.12.4"
source = "registry+https://github.com/rust-lang/crates.io-index"
checksum = "2d2f06b9cac1506ece98fe3231e3cc9c4410ec3d5b1f24ae1c8946f0742cdefc"
dependencies = [
 "version_check",
]

[[package]]
name = "fastcdc"
version = "3.0.0"
source = "registry+https://github.com/rust-lang/crates.io-index"
checksum = "c47726595a8a071d7d8045a837d1179b1964633e256300675aa50c31284a23e2"

[[package]]
name = "fastrand"
version = "2.0.2"
source = "registry+https://github.com/rust-lang/crates.io-index"
checksum = "658bd65b1cf4c852a3cc96f18a8ce7b5640f6b703f905c7d74532294c2a63984"

[[package]]
name = "fs-verity"
version = "0.2.0"
source = "registry+https://github.com/rust-lang/crates.io-index"
checksum = "500e25d0306102929792b0798a933e849dad9c919167d974aaae91bd0c3a2aac"
dependencies = [
 "hex",
 "libc",
 "num_enum",
 "parse-display",
 "sha2",
]

[[package]]
name = "fuser"
version = "0.14.0"
source = "registry+https://github.com/rust-lang/crates.io-index"
checksum = "2e697f6f62c20b6fad1ba0f84ae909f25971cf16e735273524e3977c94604cf8"
dependencies = [
 "libc",
 "log",
 "memchr",
 "page_size",
 "smallvec",
 "zerocopy",
]

[[package]]
name = "generic-array"
version = "0.14.7"
source = "registry+https://github.com/rust-lang/crates.io-index"
checksum = "85649ca51fd72272d7821adaf274ad91c288277713d9c18820d8499a7ff69e9a"
dependencies = [
 "typenum",
 "version_check",
]

[[package]]
name = "hashbrown"
version = "0.14.3"
source = "registry+https://github.com/rust-lang/crates.io-index"
checksum = "290f1a1d9242c78d09ce40a5e87e7554ee637af1351968159f4952f028f75604"

[[package]]
name = "heck"
version = "0.5.0"
source = "registry+https://github.com/rust-lang/crates.io-index"
checksum = "2304e00983f87ffb38b55b444b5e3b60a884b5d30c0fca7d82fe33449bbe55ea"

[[package]]
name = "hermit-abi"
version = "0.1.19"
source = "registry+https://github.com/rust-lang/crates.io-index"
checksum = "62b467343b94ba476dcb2500d242dadbb39557df889310ac77c5d99100aaac33"
dependencies = [
 "libc",
]

[[package]]
name = "hermit-abi"
version = "0.3.9"
source = "registry+https://github.com/rust-lang/crates.io-index"
checksum = "d231dfb89cfffdbc30e7fc41579ed6066ad03abda9e567ccafae602b97ec5024"

[[package]]
name = "hex"
version = "0.4.3"
source = "registry+https://github.com/rust-lang/crates.io-index"
checksum = "7f24254aa9a54b5c858eaee2f5bccdb46aaf0e486a595ed5fd8f86ba55232a70"

[[package]]
name = "hostname"
version = "0.3.1"
source = "registry+https://github.com/rust-lang/crates.io-index"
checksum = "3c731c3e10504cc8ed35cfe2f1db4c9274c3d35fa486e3b31df46f068ef3e867"
dependencies = [
 "libc",
 "match_cfg",
 "winapi",
]

[[package]]
name = "humantime"
version = "2.1.0"
source = "registry+https://github.com/rust-lang/crates.io-index"
checksum = "9a3a5bfb195931eeb336b2a7b4d761daec841b97f947d34394601737a7bba5e4"

[[package]]
name = "indexmap"
version = "2.2.6"
source = "registry+https://github.com/rust-lang/crates.io-index"
checksum = "168fb715dda47215e360912c096649d23d58bf392ac62f73919e831745e40f26"
dependencies = [
 "equivalent",
 "hashbrown",
]

[[package]]
name = "itoa"
version = "1.0.11"
source = "registry+https://github.com/rust-lang/crates.io-index"
checksum = "49f1f14873335454500d59611f1cf4a4b0f786f9ac11f4312a78e4cf2566695b"

[[package]]
name = "jobserver"
version = "0.1.31"
source = "registry+https://github.com/rust-lang/crates.io-index"
checksum = "d2b099aaa34a9751c5bf0878add70444e1ed2dd73f347be99003d4577277de6e"
dependencies = [
 "libc",
]

[[package]]
name = "libc"
version = "0.2.153"
source = "registry+https://github.com/rust-lang/crates.io-index"
checksum = "9c198f91728a82281a64e1f4f9eeb25d82cb32a5de251c6bd1b5154d63a8e7bd"

[[package]]
name = "linux-raw-sys"
version = "0.4.13"
source = "registry+https://github.com/rust-lang/crates.io-index"
checksum = "01cda141df6706de531b6c46c3a33ecca755538219bd484262fa09410c13539c"

[[package]]
name = "log"
version = "0.4.21"
source = "registry+https://github.com/rust-lang/crates.io-index"
checksum = "90ed8c1e510134f979dbc4f070f87d4313098b704861a105fe34231c70a3901c"

[[package]]
name = "match_cfg"
version = "0.1.0"
source = "registry+https://github.com/rust-lang/crates.io-index"
checksum = "ffbee8634e0d45d258acb448e7eaab3fce7a0a467395d4d9f228e3c1f01fb2e4"

[[package]]
name = "memchr"
version = "2.7.2"
source = "registry+https://github.com/rust-lang/crates.io-index"
checksum = "6c8640c5d730cb13ebd907d8d04b52f55ac9a2eec55b440c8892f40d56c76c1d"

[[package]]
name = "memmap2"
version = "0.9.4"
source = "registry+https://github.com/rust-lang/crates.io-index"
checksum = "fe751422e4a8caa417e13c3ea66452215d7d63e19e604f4980461212f3ae1322"
dependencies = [
 "libc",
]

[[package]]
name = "nix"
version = "0.27.1"
source = "registry+https://github.com/rust-lang/crates.io-index"
checksum = "2eb04e9c688eff1c89d72b407f168cf79bb9e867a9d3323ed6c01519eb9cc053"
dependencies = [
 "bitflags",
 "cfg-if",
 "libc",
]

[[package]]
name = "nix"
version = "0.28.0"
source = "registry+https://github.com/rust-lang/crates.io-index"
checksum = "ab2156c4fce2f8df6c499cc1c763e4394b7482525bf2a9701c9d79d215f519e4"
dependencies = [
 "bitflags",
 "cfg-if",
 "cfg_aliases",
 "libc",
]

[[package]]
name = "num-conv"
version = "0.1.0"
source = "registry+https://github.com/rust-lang/crates.io-index"
checksum = "51d515d32fb182ee37cda2ccdcb92950d6a3c2893aa280e540671c2cd0f3b1d9"

[[package]]
name = "num_cpus"
version = "1.16.0"
source = "registry+https://github.com/rust-lang/crates.io-index"
checksum = "4161fcb6d602d4d2081af7c3a45852d875a03dd337a6bfdd6e06407b61342a43"
dependencies = [
 "hermit-abi 0.3.9",
 "libc",
]

[[package]]
name = "num_enum"
version = "0.6.1"
source = "registry+https://github.com/rust-lang/crates.io-index"
checksum = "7a015b430d3c108a207fd776d2e2196aaf8b1cf8cf93253e3a097ff3085076a1"
dependencies = [
 "num_enum_derive",
]

[[package]]
name = "num_enum_derive"
version = "0.6.1"
source = "registry+https://github.com/rust-lang/crates.io-index"
checksum = "96667db765a921f7b295ffee8b60472b686a51d4f21c2ee4ffdb94c7013b65a6"
dependencies = [
 "proc-macro-crate",
 "proc-macro2",
 "quote",
 "syn",
]

[[package]]
name = "num_threads"
version = "0.1.7"
source = "registry+https://github.com/rust-lang/crates.io-index"
checksum = "5c7398b9c8b70908f6371f47ed36737907c87c52af34c268fed0bf0ceb92ead9"
dependencies = [
 "libc",
]

[[package]]
name = "once_cell"
version = "1.19.0"
source = "registry+https://github.com/rust-lang/crates.io-index"
checksum = "3fdb12b2476b595f9358c5161aa467c2438859caa136dec86c26fdd2efe17b92"

[[package]]
name = "openat"
version = "0.1.21"
source = "registry+https://github.com/rust-lang/crates.io-index"
checksum = "95aa7c05907b3ebde2610d602f4ddd992145cc6a84493647c30396f30ba83abe"
dependencies = [
 "libc",
]

[[package]]
name = "os_pipe"
version = "1.1.5"
source = "registry+https://github.com/rust-lang/crates.io-index"
checksum = "57119c3b893986491ec9aa85056780d3a0f3cf4da7cc09dd3650dbd6c6738fb9"
dependencies = [
 "libc",
 "windows-sys",
]

[[package]]
name = "page_size"
version = "0.6.0"
source = "registry+https://github.com/rust-lang/crates.io-index"
checksum = "30d5b2194ed13191c1999ae0704b7839fb18384fa22e49b57eeaa97d79ce40da"
dependencies = [
 "libc",
 "winapi",
]

[[package]]
name = "parse-display"
version = "0.8.2"
source = "registry+https://github.com/rust-lang/crates.io-index"
checksum = "c6509d08722b53e8dafe97f2027b22ccbe3a5db83cb352931e9716b0aa44bc5c"
dependencies = [
 "once_cell",
 "parse-display-derive",
 "regex",
]

[[package]]
name = "parse-display-derive"
version = "0.8.2"
source = "registry+https://github.com/rust-lang/crates.io-index"
checksum = "68517892c8daf78da08c0db777fcc17e07f2f63ef70041718f8a7630ad84f341"
dependencies = [
 "once_cell",
 "proc-macro2",
 "quote",
 "regex",
 "regex-syntax 0.7.5",
 "structmeta",
 "syn",
]

[[package]]
name = "pkg-config"
version = "0.3.30"
source = "registry+https://github.com/rust-lang/crates.io-index"
checksum = "d231b230927b5e4ad203db57bbcbee2802f6bce620b1e4a9024a07d94e2907ec"

[[package]]
name = "powerfmt"
version = "0.2.0"
source = "registry+https://github.com/rust-lang/crates.io-index"
checksum = "439ee305def115ba05938db6eb1644ff94165c5ab5e9420d1c1bcedbba909391"

[[package]]
name = "predicates"
version = "3.1.0"
source = "registry+https://github.com/rust-lang/crates.io-index"
checksum = "68b87bfd4605926cdfefc1c3b5f8fe560e3feca9d5552cf68c466d3d8236c7e8"
dependencies = [
 "anstyle",
 "difflib",
 "predicates-core",
]

[[package]]
name = "predicates-core"
version = "1.0.6"
source = "registry+https://github.com/rust-lang/crates.io-index"
checksum = "b794032607612e7abeb4db69adb4e33590fa6cf1149e95fd7cb00e634b92f174"

[[package]]
name = "predicates-tree"
version = "1.0.9"
source = "registry+https://github.com/rust-lang/crates.io-index"
checksum = "368ba315fb8c5052ab692e68a0eefec6ec57b23a36959c14496f0b0df2c0cecf"
dependencies = [
 "predicates-core",
 "termtree",
]

[[package]]
name = "proc-macro-crate"
version = "1.3.1"
source = "registry+https://github.com/rust-lang/crates.io-index"
checksum = "7f4c021e1093a56626774e81216a4ce732a735e5bad4868a03f3ed65ca0c3919"
dependencies = [
 "once_cell",
 "toml_edit",
]

[[package]]
name = "proc-macro2"
version = "1.0.81"
source = "registry+https://github.com/rust-lang/crates.io-index"
checksum = "3d1597b0c024618f09a9c3b8655b7e430397a36d23fdafec26d6965e9eec3eba"
dependencies = [
 "unicode-ident",
]

[[package]]
name = "puzzlefs"
version = "0.1.0"
dependencies = [
 "anyhow",
 "assert_cmd",
 "clap",
 "ctrlc",
 "daemonize",
 "dir-diff",
 "env_logger",
 "hex",
 "log",
 "nix 0.27.1",
 "os_pipe",
 "puzzlefs-lib",
 "syslog",
 "tempfile",
 "walkdir",
]

[[package]]
name = "puzzlefs-lib"
version = "0.1.0"
dependencies = [
 "anyhow",
 "capnp",
 "capnpc",
 "fastcdc",
 "fs-verity",
 "fuser",
 "hex",
 "log",
 "memmap2",
 "nix 0.27.1",
 "openat",
 "os_pipe",
 "serde",
 "serde_json",
 "sha2",
 "tempfile",
 "thiserror",
 "walkdir",
 "xattr",
 "zstd",
 "zstd-seekable",
]

[[package]]
name = "quote"
version = "1.0.36"
source = "registry+https://github.com/rust-lang/crates.io-index"
checksum = "0fa76aaf39101c457836aec0ce2316dbdc3ab723cdda1c6bd4e6ad4208acaca7"
dependencies = [
 "proc-macro2",
]

[[package]]
name = "regex"
version = "1.10.4"
source = "registry+https://github.com/rust-lang/crates.io-index"
checksum = "c117dbdfde9c8308975b6a18d71f3f385c89461f7b3fb054288ecf2a2058ba4c"
dependencies = [
 "aho-corasick",
 "memchr",
 "regex-automata",
 "regex-syntax 0.8.3",
]

[[package]]
name = "regex-automata"
version = "0.4.6"
source = "registry+https://github.com/rust-lang/crates.io-index"
checksum = "86b83b8b9847f9bf95ef68afb0b8e6cdb80f498442f5179a29fad448fcc1eaea"
dependencies = [
 "aho-corasick",
 "memchr",
 "regex-syntax 0.8.3",
]

[[package]]
name = "regex-syntax"
version = "0.7.5"
source = "registry+https://github.com/rust-lang/crates.io-index"
checksum = "dbb5fb1acd8a1a18b3dd5be62d25485eb770e05afb408a9627d14d451bae12da"

[[package]]
name = "regex-syntax"
version = "0.8.3"
source = "registry+https://github.com/rust-lang/crates.io-index"
checksum = "adad44e29e4c806119491a7f06f03de4d1af22c3a680dd47f1e6e179439d1f56"

[[package]]
name = "rustix"
version = "0.38.34"
source = "registry+https://github.com/rust-lang/crates.io-index"
checksum = "70dc5ec042f7a43c4a73241207cecc9873a06d45debb38b329f8541d85c2730f"
dependencies = [
 "bitflags",
 "errno",
 "libc",
 "linux-raw-sys",
 "windows-sys",
]

[[package]]
name = "ryu"
version = "1.0.17"
source = "registry+https://github.com/rust-lang/crates.io-index"
checksum = "e86697c916019a8588c99b5fac3cead74ec0b4b819707a682fd4d23fa0ce1ba1"

[[package]]
name = "same-file"
version = "1.0.6"
source = "registry+https://github.com/rust-lang/crates.io-index"
checksum = "93fc1dc3aaa9bfed95e02e6eadabb4baf7e3078b0bd1b4d7b6b0b68378900502"
dependencies = [
 "winapi-util",
]

[[package]]
name = "serde"
version = "1.0.198"
source = "registry+https://github.com/rust-lang/crates.io-index"
checksum = "9846a40c979031340571da2545a4e5b7c4163bdae79b301d5f86d03979451fcc"
dependencies = [
 "serde_derive",
]

[[package]]
name = "serde_derive"
version = "1.0.198"
source = "registry+https://github.com/rust-lang/crates.io-index"
checksum = "e88edab869b01783ba905e7d0153f9fc1a6505a96e4ad3018011eedb838566d9"
dependencies = [
 "proc-macro2",
 "quote",
 "syn",
]

[[package]]
name = "serde_json"
version = "1.0.116"
source = "registry+https://github.com/rust-lang/crates.io-index"
checksum = "3e17db7126d17feb94eb3fad46bf1a96b034e8aacbc2e775fe81505f8b0b2813"
dependencies = [
 "itoa",
 "ryu",
 "serde",
]

[[package]]
name = "sha2"
version = "0.10.8"
source = "registry+https://github.com/rust-lang/crates.io-index"
checksum = "793db75ad2bcafc3ffa7c68b215fee268f537982cd901d132f89c6343f3a3dc8"
dependencies = [
 "cfg-if",
 "cpufeatures",
 "digest",
]

[[package]]
name = "smallvec"
version = "1.13.2"
source = "registry+https://github.com/rust-lang/crates.io-index"
checksum = "3c5e1a9a646d36c3599cd173a41282daf47c44583ad367b8e6837255952e5c67"

[[package]]
name = "strsim"
version = "0.11.1"
source = "registry+https://github.com/rust-lang/crates.io-index"
checksum = "7da8b5736845d9f2fcb837ea5d9e2628564b3b043a70948a3f0b778838c5fb4f"

[[package]]
name = "structmeta"
version = "0.2.0"
source = "registry+https://github.com/rust-lang/crates.io-index"
checksum = "78ad9e09554f0456d67a69c1584c9798ba733a5b50349a6c0d0948710523922d"
dependencies = [
 "proc-macro2",
 "quote",
 "structmeta-derive",
 "syn",
]

[[package]]
name = "structmeta-derive"
version = "0.2.0"
source = "registry+https://github.com/rust-lang/crates.io-index"
checksum = "a60bcaff7397072dca0017d1db428e30d5002e00b6847703e2e42005c95fbe00"
dependencies = [
 "proc-macro2",
 "quote",
 "syn",
]

[[package]]
name = "syn"
version = "2.0.60"
source = "registry+https://github.com/rust-lang/crates.io-index"
checksum = "909518bc7b1c9b779f1bbf07f2929d35af9f0f37e47c6e9ef7f9dddc1e1821f3"
dependencies = [
 "proc-macro2",
 "quote",
 "unicode-ident",
]

[[package]]
name = "syslog"
version = "6.1.1"
source = "registry+https://github.com/rust-lang/crates.io-index"
checksum = "dfc7e95b5b795122fafe6519e27629b5ab4232c73ebb2428f568e82b1a457ad3"
dependencies = [
 "error-chain",
 "hostname",
 "libc",
 "log",
 "time",
]

[[package]]
name = "tempfile"
version = "3.10.1"
source = "registry+https://github.com/rust-lang/crates.io-index"
checksum = "85b77fafb263dd9d05cbeac119526425676db3784113aa9295c88498cbf8bff1"
dependencies = [
 "cfg-if",
 "fastrand",
 "rustix",
 "windows-sys",
]

[[package]]
name = "termcolor"
version = "1.4.1"
source = "registry+https://github.com/rust-lang/crates.io-index"
checksum = "06794f8f6c5c898b3275aebefa6b8a1cb24cd2c6c79397ab15774837a0bc5755"
dependencies = [
 "winapi-util",
]

[[package]]
name = "termtree"
version = "0.4.1"
source = "registry+https://github.com/rust-lang/crates.io-index"
checksum = "3369f5ac52d5eb6ab48c6b4ffdc8efbcad6b89c765749064ba298f2c68a16a76"

[[package]]
name = "thiserror"
version = "1.0.59"
source = "registry+https://github.com/rust-lang/crates.io-index"
checksum = "f0126ad08bff79f29fc3ae6a55cc72352056dfff61e3ff8bb7129476d44b23aa"
dependencies = [
 "thiserror-impl",
]

[[package]]
name = "thiserror-impl"
version = "1.0.59"
source = "registry+https://github.com/rust-lang/crates.io-index"
checksum = "d1cd413b5d558b4c5bf3680e324a6fa5014e7b7c067a51e69dbdf47eb7148b66"
dependencies = [
 "proc-macro2",
 "quote",
 "syn",
]

[[package]]
name = "threadpool"
version = "1.8.1"
source = "registry+https://github.com/rust-lang/crates.io-index"
checksum = "d050e60b33d41c19108b32cea32164033a9013fe3b46cbd4457559bfbf77afaa"
dependencies = [
 "num_cpus",
]

[[package]]
name = "time"
version = "0.3.36"
source = "registry+https://github.com/rust-lang/crates.io-index"
checksum = "5dfd88e563464686c916c7e46e623e520ddc6d79fa6641390f2e3fa86e83e885"
dependencies = [
 "deranged",
 "itoa",
 "libc",
 "num-conv",
 "num_threads",
 "powerfmt",
 "serde",
 "time-core",
 "time-macros",
]

[[package]]
name = "time-core"
version = "0.1.2"
source = "registry+https://github.com/rust-lang/crates.io-index"
checksum = "ef927ca75afb808a4d64dd374f00a2adf8d0fcff8e7b184af886c3c87ec4a3f3"

[[package]]
name = "time-macros"
version = "0.2.18"
source = "registry+https://github.com/rust-lang/crates.io-index"
checksum = "3f252a68540fde3a3877aeea552b832b40ab9a69e318efd078774a01ddee1ccf"
dependencies = [
 "num-conv",
 "time-core",
]

[[package]]
name = "toml_datetime"
version = "0.6.5"
source = "registry+https://github.com/rust-lang/crates.io-index"
checksum = "3550f4e9685620ac18a50ed434eb3aec30db8ba93b0287467bca5826ea25baf1"

[[package]]
name = "toml_edit"
version = "0.19.15"
source = "registry+https://github.com/rust-lang/crates.io-index"
checksum = "1b5bb770da30e5cbfde35a2d7b9b8a2c4b8ef89548a7a6aeab5c9a576e3e7421"
dependencies = [
 "indexmap",
 "toml_datetime",
 "winnow",
]

[[package]]
name = "typenum"
version = "1.17.0"
source = "registry+https://github.com/rust-lang/crates.io-index"
checksum = "42ff0bf0c66b8238c6f3b578df37d0b7848e55df8577b3f74f92a69acceeb825"

[[package]]
name = "unicode-ident"
version = "1.0.12"
source = "registry+https://github.com/rust-lang/crates.io-index"
checksum = "3354b9ac3fae1ff6755cb6db53683adb661634f67557942dea4facebec0fee4b"

[[package]]
name = "utf8parse"
version = "0.2.1"
source = "registry+https://github.com/rust-lang/crates.io-index"
checksum = "711b9620af191e0cdc7468a8d14e709c3dcdb115b36f838e601583af800a370a"

[[package]]
name = "version_check"
version = "0.9.4"
source = "registry+https://github.com/rust-lang/crates.io-index"
checksum = "49874b5167b65d7193b8aba1567f5c7d93d001cafc34600cee003eda787e483f"

[[package]]
name = "wait-timeout"
version = "0.2.0"
source = "registry+https://github.com/rust-lang/crates.io-index"
checksum = "9f200f5b12eb75f8c1ed65abd4b2db8a6e1b138a20de009dacee265a2498f3f6"
dependencies = [
 "libc",
]

[[package]]
name = "walkdir"
version = "2.5.0"
source = "registry+https://github.com/rust-lang/crates.io-index"
checksum = "29790946404f91d9c5d06f9874efddea1dc06c5efe94541a7d6863108e3a5e4b"
dependencies = [
 "same-file",
 "winapi-util",
]

[[package]]
name = "winapi"
version = "0.3.9"
source = "registry+https://github.com/rust-lang/crates.io-index"
checksum = "5c839a674fcd7a98952e593242ea400abe93992746761e38641405d28b00f419"
dependencies = [
 "winapi-i686-pc-windows-gnu",
 "winapi-x86_64-pc-windows-gnu",
]

[[package]]
name = "winapi-i686-pc-windows-gnu"
version = "0.4.0"
source = "registry+https://github.com/rust-lang/crates.io-index"
checksum = "ac3b87c63620426dd9b991e5ce0329eff545bccbbb34f3be09ff6fb6ab51b7b6"

[[package]]
name = "winapi-util"
version = "0.1.6"
source = "registry+https://github.com/rust-lang/crates.io-index"
checksum = "f29e6f9198ba0d26b4c9f07dbe6f9ed633e1f3d5b8b414090084349e46a52596"
dependencies = [
 "winapi",
]

[[package]]
name = "winapi-x86_64-pc-windows-gnu"
version = "0.4.0"
source = "registry+https://github.com/rust-lang/crates.io-index"
checksum = "712e227841d057c1ee1cd2fb22fa7e5a5461ae8e48fa2ca79ec42cfc1931183f"

[[package]]
name = "windows-sys"
version = "0.52.0"
source = "registry+https://github.com/rust-lang/crates.io-index"
checksum = "282be5f36a8ce781fad8c8ae18fa3f9beff57ec1b52cb3de0789201425d9a33d"
dependencies = [
 "windows-targets",
]

[[package]]
name = "windows-targets"
version = "0.52.5"
source = "registry+https://github.com/rust-lang/crates.io-index"
checksum = "6f0713a46559409d202e70e28227288446bf7841d3211583a4b53e3f6d96e7eb"
dependencies = [
 "windows_aarch64_gnullvm",
 "windows_aarch64_msvc",
 "windows_i686_gnu",
 "windows_i686_gnullvm",
 "windows_i686_msvc",
 "windows_x86_64_gnu",
 "windows_x86_64_gnullvm",
 "windows_x86_64_msvc",
]

[[package]]
name = "windows_aarch64_gnullvm"
version = "0.52.5"
source = "registry+https://github.com/rust-lang/crates.io-index"
checksum = "7088eed71e8b8dda258ecc8bac5fb1153c5cffaf2578fc8ff5d61e23578d3263"

[[package]]
name = "windows_aarch64_msvc"
version = "0.52.5"
source = "registry+https://github.com/rust-lang/crates.io-index"
checksum = "9985fd1504e250c615ca5f281c3f7a6da76213ebd5ccc9561496568a2752afb6"

[[package]]
name = "windows_i686_gnu"
version = "0.52.5"
source = "registry+https://github.com/rust-lang/crates.io-index"
checksum = "88ba073cf16d5372720ec942a8ccbf61626074c6d4dd2e745299726ce8b89670"

[[package]]
name = "windows_i686_gnullvm"
version = "0.52.5"
source = "registry+https://github.com/rust-lang/crates.io-index"
checksum = "87f4261229030a858f36b459e748ae97545d6f1ec60e5e0d6a3d32e0dc232ee9"

[[package]]
name = "windows_i686_msvc"
version = "0.52.5"
source = "registry+https://github.com/rust-lang/crates.io-index"
checksum = "db3c2bf3d13d5b658be73463284eaf12830ac9a26a90c717b7f771dfe97487bf"

[[package]]
name = "windows_x86_64_gnu"
version = "0.52.5"
source = "registry+https://github.com/rust-lang/crates.io-index"
checksum = "4e4246f76bdeff09eb48875a0fd3e2af6aada79d409d33011886d3e1581517d9"

[[package]]
name = "windows_x86_64_gnullvm"
version = "0.52.5"
source = "registry+https://github.com/rust-lang/crates.io-index"
checksum = "852298e482cd67c356ddd9570386e2862b5673c85bd5f88df9ab6802b334c596"

[[package]]
name = "windows_x86_64_msvc"
version = "0.52.5"
source = "registry+https://github.com/rust-lang/crates.io-index"
checksum = "bec47e5bfd1bff0eeaf6d8b485cc1074891a197ab4225d504cb7a1ab88b02bf0"

[[package]]
name = "winnow"
version = "0.5.40"
source = "registry+https://github.com/rust-lang/crates.io-index"
checksum = "f593a95398737aeed53e489c785df13f3618e41dbcd6718c6addbf1395aa6876"
dependencies = [
 "memchr",
]

[[package]]
name = "xattr"
version = "1.3.1"
source = "registry+https://github.com/rust-lang/crates.io-index"
checksum = "8da84f1a25939b27f6820d92aed108f83ff920fdf11a7b19366c27c4cda81d4f"
dependencies = [
 "libc",
 "linux-raw-sys",
 "rustix",
]

[[package]]
name = "zerocopy"
version = "0.7.32"
source = "registry+https://github.com/rust-lang/crates.io-index"
checksum = "74d4d3961e53fa4c9a25a8637fc2bfaf2595b3d3ae34875568a5cf64787716be"
dependencies = [
 "byteorder",
 "zerocopy-derive",
]

[[package]]
name = "zerocopy-derive"
version = "0.7.32"
source = "registry+https://github.com/rust-lang/crates.io-index"
checksum = "9ce1b18ccd8e73a9321186f97e46f9f04b778851177567b1975109d26a08d2a6"
dependencies = [
 "proc-macro2",
 "quote",
 "syn",
]

[[package]]
name = "zstd"
version = "0.13.1"
source = "registry+https://github.com/rust-lang/crates.io-index"
checksum = "2d789b1514203a1120ad2429eae43a7bd32b90976a7bb8a05f7ec02fa88cc23a"
dependencies = [
 "zstd-safe",
]

[[package]]
name = "zstd-safe"
version = "7.1.0"
source = "registry+https://github.com/rust-lang/crates.io-index"
checksum = "1cd99b45c6bc03a018c8b8a86025678c87e55526064e38f9df301989dce7ec0a"
dependencies = [
 "zstd-sys",
]

[[package]]
name = "zstd-seekable"
version = "0.1.23"
source = "registry+https://github.com/rust-lang/crates.io-index"
checksum = "574a117c5cdb88d1f13381ee3a19a6a45fb6ca0c98436d3a95df852b7ca6c3c2"
dependencies = [
 "bincode",
 "cc",
 "libc",
 "pkg-config",
 "serde",
 "serde_derive",
 "thiserror",
 "threadpool",
]

[[package]]
name = "zstd-sys"
version = "2.0.10+zstd.1.5.6"
source = "registry+https://github.com/rust-lang/crates.io-index"
checksum = "c253a4914af5bafc8fa8c86ee400827e83cf6ec01195ec1f1ed8441bf00d65aa"
dependencies = [
 "cc",
 "pkg-config",
]
